
Microsoft Visual Studio Solution File, Format Version 12.00
# Visual Studio Version 17
VisualStudioVersion = 17.0.31903.59
MinimumVisualStudioVersion = 10.0.40219.1
Project("{FAE04EC0-301F-11D3-BF4B-00C04F79EFBC}") = "UEModManager", "UEModManager\UEModManager.csproj", "{53DD54EA-CD6B-4DF4-A16C-8BBEF4761A99}"
EndProject
Project("{FAE04EC0-301F-11D3-BF4B-00C04F79EFBC}") = "UEModManager.Core", "UEModManager.Core\UEModManager.Core.csproj", "{C3447B6A-80F1-407E-955F-98D99A48C0DF}"
EndProject
Global
	GlobalSection(SolutionConfigurationPlatforms) = preSolution
		Debug|Any CPU = Debug|Any CPU
		Debug|x64 = Debug|x64
		Debug|x86 = Debug|x86
		Release|Any CPU = Release|Any CPU
		Release|x64 = Release|x64
		Release|x86 = Release|x86
	EndGlobalSection
	GlobalSection(ProjectConfigurationPlatforms) = postSolution
		{53DD54EA-CD6B-4DF4-A16C-8BBEF4761A99}.Debug|Any CPU.ActiveCfg = Debug|Any CPU
		{53DD54EA-CD6B-4DF4-A16C-8BBEF4761A99}.Debug|Any CPU.Build.0 = Debug|Any CPU
		{53DD54EA-CD6B-4DF4-A16C-8BBEF4761A99}.Debug|x64.ActiveCfg = Debug|Any CPU
		{53DD54EA-CD6B-4DF4-A16C-8BBEF4761A99}.Debug|x64.Build.0 = Debug|Any CPU
		{53DD54EA-CD6B-4DF4-A16C-8BBEF4761A99}.Debug|x86.ActiveCfg = Debug|Any CPU
		{53DD54EA-CD6B-4DF4-A16C-8BBEF4761A99}.Debug|x86.Build.0 = Debug|Any CPU
		{53DD54EA-CD6B-4DF4-A16C-8BBEF4761A99}.Release|Any CPU.ActiveCfg = Release|Any CPU
		{53DD54EA-CD6B-4DF4-A16C-8BBEF4761A99}.Release|Any CPU.Build.0 = Release|Any CPU
		{53DD54EA-CD6B-4DF4-A16C-8BBEF4761A99}.Release|x64.ActiveCfg = Release|Any CPU
		{53DD54EA-CD6B-4DF4-A16C-8BBEF4761A99}.Release|x64.Build.0 = Release|Any CPU
		{53DD54EA-CD6B-4DF4-A16C-8BBEF4761A99}.Release|x86.ActiveCfg = Release|Any CPU
		{53DD54EA-CD6B-4DF4-A16C-8BBEF4761A99}.Release|x86.Build.0 = Release|Any CPU
		{C3447B6A-80F1-407E-955F-98D99A48C0DF}.Debug|Any CPU.ActiveCfg = Debug|Any CPU
		{C3447B6A-80F1-407E-955F-98D99A48C0DF}.Debug|Any CPU.Build.0 = Debug|Any CPU
		{C3447B6A-80F1-407E-955F-98D99A48C0DF}.Debug|x64.ActiveCfg = Debug|Any CPU
		{C3447B6A-80F1-407E-955F-98D99A48C0DF}.Debug|x64.Build.0 = Debug|Any CPU
		{C3447B6A-80F1-407E-955F-98D99A48C0DF}.Debug|x86.ActiveCfg = Debug|Any CPU
		{C3447B6A-80F1-407E-955F-98D99A48C0DF}.Debug|x86.Build.0 = Debug|Any CPU
		{C3447B6A-80F1-407E-955F-98D99A48C0DF}.Release|Any CPU.ActiveCfg = Release|Any CPU
		{C3447B6A-80F1-407E-955F-98D99A48C0DF}.Release|Any CPU.Build.0 = Release|Any CPU
		{C3447B6A-80F1-407E-955F-98D99A48C0DF}.Release|x64.ActiveCfg = Release|Any CPU
		{C3447B6A-80F1-407E-955F-98D99A48C0DF}.Release|x64.Build.0 = Release|Any CPU
		{C3447B6A-80F1-407E-955F-98D99A48C0DF}.Release|x86.ActiveCfg = Release|Any CPU
		{C3447B6A-80F1-407E-955F-98D99A48C0DF}.Release|x86.Build.0 = Release|Any CPU
	EndGlobalSection
	GlobalSection(SolutionProperties) = preSolution
		HideSolutionNode = FALSE
	EndGlobalSection
EndGlobal
